{
  "name": "procureflow-web",
  "version": "0.1.0",
  "lockfileVersion": 3,
  "requires": true,
  "packages": {
    "": {
      "name": "procureflow-web",
      "version": "0.1.0",
      "dependencies": {
        "@node-rs/argon2": "latest",
        "@types/node": "latest",
        "@types/react": "latest",
        "@types/react-dom": "latest",
        "lucide-react": "latest",
        "next": "16.2.9",
        "postgres": "latest",
        "react": "19.2.0",
        "react-dom": "19.2.0",
        "typescript": "latest"
      }
    }
  }
}
